{
  "name": "javascript-basics",
  "lockfileVersion": 2,
  "requires": true,
  "packages": {
    "": {
      "dependencies": {
        "config-ini-parser": "^1.5.9",
        "ini": "^2.0.0"
      }
    },
    "node_modules/config-ini-parser": {
      "version": "1.5.9",
      "resolved": "https://registry.npmjs.org/config-ini-parser/-/config-ini-parser-1.5.9.tgz",
      "integrity": "sha512-FLAMUunXCqbpEbv/q0v76lLewmZ03LUM4xslsPpZ2IN7/sQUaKfXNoTl8EjOTjlkHgrNzmJ//Y5crgabbIWjfQ=="
    },
    "node_modules/ini": {
      "version": "2.0.0",
      "resolved": "https://registry.npmjs.org/ini/-/ini-2.0.0.tgz",
      "integrity": "sha512-7PnF4oN3CvZF23ADhA5wRaYEQpJ8qygSkbtTXWBeXWXmEVRXK+1ITciHWwHhsjv1TmW0MgacIv6hEi5pX5NQdA==",
      "engines": {
        "node": ">=10"
      }
    }
  },
  "dependencies": {
    "config-ini-parser": {
      "version": "1.5.9",
      "resolved": "https://registry.npmjs.org/config-ini-parser/-/config-ini-parser-1.5.9.tgz",
      "integrity": "sha512-FLAMUunXCqbpEbv/q0v76lLewmZ03LUM4xslsPpZ2IN7/sQUaKfXNoTl8EjOTjlkHgrNzmJ//Y5crgabbIWjfQ=="
    },
    "ini": {
      "version": "2.0.0",
      "resolved": "https://registry.npmjs.org/ini/-/ini-2.0.0.tgz",
      "integrity": "sha512-7PnF4oN3CvZF23ADhA5wRaYEQpJ8qygSkbtTXWBeXWXmEVRXK+1ITciHWwHhsjv1TmW0MgacIv6hEi5pX5NQdA=="
    }
  }
}
